
Microsoft Visual Studio Solution File, Format Version 12.00
# Visual Studio 2012
Project("{FAE04EC0-301F-11D3-BF4B-00C04F79EFBC}") = "Mvc4WebAPI_CRUDTestApplication1", "Mvc4WebAPI_CRUDTestApplication1\Mvc4WebAPI_CRUDTestApplication1.csproj", "{4573BBE3-067E-4A25-AE84-0B9E05A916A8}"
EndProject
Global
	GlobalSection(SolutionConfigurationPlatforms) = preSolution
		Debug|Any CPU = Debug|Any CPU
		Release|Any CPU = Release|Any CPU
	EndGlobalSection
	GlobalSection(ProjectConfigurationPlatforms) = postSolution
		{4573BBE3-067E-4A25-AE84-0B9E05A916A8}.Debug|Any CPU.ActiveCfg = Debug|Any CPU
		{4573BBE3-067E-4A25-AE84-0B9E05A916A8}.Debug|Any CPU.Build.0 = Debug|Any CPU
		{4573BBE3-067E-4A25-AE84-0B9E05A916A8}.Release|Any CPU.ActiveCfg = Release|Any CPU
		{4573BBE3-067E-4A25-AE84-0B9E05A916A8}.Release|Any CPU.Build.0 = Release|Any CPU
	EndGlobalSection
	GlobalSection(SolutionProperties) = preSolution
		HideSolutionNode = FALSE
	EndGlobalSection
EndGlobal
