
Microsoft Visual Studio Solution File, Format Version 11.00
# Visual Studio 2010
Project("{FAE04EC0-301F-11D3-BF4B-00C04F79EFBC}") = "Mvc4BundleTableTestApplication1", "Mvc4BundleTableTestApplication1\Mvc4BundleTableTestApplication1.csproj", "{3D6BBA97-4B07-492E-9B1A-3463C3DF3554}"
EndProject
Global
	GlobalSection(SolutionConfigurationPlatforms) = preSolution
		Debug|Any CPU = Debug|Any CPU
		Release|Any CPU = Release|Any CPU
	EndGlobalSection
	GlobalSection(ProjectConfigurationPlatforms) = postSolution
		{3D6BBA97-4B07-492E-9B1A-3463C3DF3554}.Debug|Any CPU.ActiveCfg = Debug|Any CPU
		{3D6BBA97-4B07-492E-9B1A-3463C3DF3554}.Debug|Any CPU.Build.0 = Debug|Any CPU
		{3D6BBA97-4B07-492E-9B1A-3463C3DF3554}.Release|Any CPU.ActiveCfg = Release|Any CPU
		{3D6BBA97-4B07-492E-9B1A-3463C3DF3554}.Release|Any CPU.Build.0 = Release|Any CPU
	EndGlobalSection
	GlobalSection(SolutionProperties) = preSolution
		HideSolutionNode = FALSE
	EndGlobalSection
EndGlobal
